
Microsoft Visual Studio Solution File, Format Version 12.00
# Visual Studio Version 17
VisualStudioVersion = 17.0.32014.148
MinimumVisualStudioVersion = 10.0.40219.1
Project("{FAE04EC0-301F-11D3-BF4B-00C04F79EFBC}") = "IntException", "IntException.csproj", "{80863718-EF74-4B99-82E4-40CEF003D82A}"
EndProject
Global
	GlobalSection(SolutionConfigurationPlatforms) = preSolution
		Debug|Any CPU = Debug|Any CPU
		Release|Any CPU = Release|Any CPU
	EndGlobalSection
	GlobalSection(ProjectConfigurationPlatforms) = postSolution
		{80863718-EF74-4B99-82E4-40CEF003D82A}.Debug|Any CPU.ActiveCfg = Debug|Any CPU
		{80863718-EF74-4B99-82E4-40CEF003D82A}.Debug|Any CPU.Build.0 = Debug|Any CPU
		{80863718-EF74-4B99-82E4-40CEF003D82A}.Release|Any CPU.ActiveCfg = Release|Any CPU
		{80863718-EF74-4B99-82E4-40CEF003D82A}.Release|Any CPU.Build.0 = Release|Any CPU
	EndGlobalSection
	GlobalSection(SolutionProperties) = preSolution
		HideSolutionNode = FALSE
	EndGlobalSection
	GlobalSection(ExtensibilityGlobals) = postSolution
		SolutionGuid = {21E6E639-4E4B-4185-8F76-CD81DCA511E2}
	EndGlobalSection
EndGlobal
