
Microsoft Visual Studio Solution File, Format Version 12.00
# Visual Studio Version 17
VisualStudioVersion = 17.0.32014.148
MinimumVisualStudioVersion = 10.0.40219.1
Project("{FAE04EC0-301F-11D3-BF4B-00C04F79EFBC}") = "DateComparison", "DateComparison.csproj", "{D18ECEE0-FEBE-4BB0-976E-EC8C4D3A6CA3}"
EndProject
Global
	GlobalSection(SolutionConfigurationPlatforms) = preSolution
		Debug|Any CPU = Debug|Any CPU
		Release|Any CPU = Release|Any CPU
	EndGlobalSection
	GlobalSection(ProjectConfigurationPlatforms) = postSolution
		{D18ECEE0-FEBE-4BB0-976E-EC8C4D3A6CA3}.Debug|Any CPU.ActiveCfg = Debug|Any CPU
		{D18ECEE0-FEBE-4BB0-976E-EC8C4D3A6CA3}.Debug|Any CPU.Build.0 = Debug|Any CPU
		{D18ECEE0-FEBE-4BB0-976E-EC8C4D3A6CA3}.Release|Any CPU.ActiveCfg = Release|Any CPU
		{D18ECEE0-FEBE-4BB0-976E-EC8C4D3A6CA3}.Release|Any CPU.Build.0 = Release|Any CPU
	EndGlobalSection
	GlobalSection(SolutionProperties) = preSolution
		HideSolutionNode = FALSE
	EndGlobalSection
	GlobalSection(ExtensibilityGlobals) = postSolution
		SolutionGuid = {FEBA4DC0-866C-40A1-89E7-B42321E3E348}
	EndGlobalSection
EndGlobal
